
Microsoft Visual Studio Solution File, Format Version 12.00
# Visual Studio Version 16
VisualStudioVersion = 16.0.36631.11
MinimumVisualStudioVersion = 10.0.40219.1
Project("{8BC9CEB8-8B4A-11D0-8D11-00A0C91BC942}") = "Driver", "Driver.vcxproj", "{AE1AF195-C823-4BEA-A2F0-5A257FBCA59C}"
EndProject
Global
	GlobalSection(SolutionConfigurationPlatforms) = preSolution
		Debug|ARM = Debug|ARM
		Debug|ARM64 = Debug|ARM64
		Debug|x64 = Debug|x64
		Debug|x86 = Debug|x86
		Release|ARM = Release|ARM
		Release|ARM64 = Release|ARM64
		Release|x64 = Release|x64
		Release|x86 = Release|x86
	EndGlobalSection
	GlobalSection(ProjectConfigurationPlatforms) = postSolution
		{AE1AF195-C823-4BEA-A2F0-5A257FBCA59C}.Debug|ARM.ActiveCfg = Debug|ARM
		{AE1AF195-C823-4BEA-A2F0-5A257FBCA59C}.Debug|ARM.Build.0 = Debug|ARM
		{AE1AF195-C823-4BEA-A2F0-5A257FBCA59C}.Debug|ARM.Deploy.0 = Debug|ARM
		{AE1AF195-C823-4BEA-A2F0-5A257FBCA59C}.Debug|ARM64.ActiveCfg = Debug|ARM64
		{AE1AF195-C823-4BEA-A2F0-5A257FBCA59C}.Debug|ARM64.Build.0 = Debug|ARM64
		{AE1AF195-C823-4BEA-A2F0-5A257FBCA59C}.Debug|ARM64.Deploy.0 = Debug|ARM64
		{AE1AF195-C823-4BEA-A2F0-5A257FBCA59C}.Debug|x64.ActiveCfg = Debug|x64
		{AE1AF195-C823-4BEA-A2F0-5A257FBCA59C}.Debug|x64.Build.0 = Debug|x64
		{AE1AF195-C823-4BEA-A2F0-5A257FBCA59C}.Debug|x64.Deploy.0 = Debug|x64
		{AE1AF195-C823-4BEA-A2F0-5A257FBCA59C}.Debug|x86.ActiveCfg = Debug|Win32
		{AE1AF195-C823-4BEA-A2F0-5A257FBCA59C}.Debug|x86.Build.0 = Debug|Win32
		{AE1AF195-C823-4BEA-A2F0-5A257FBCA59C}.Debug|x86.Deploy.0 = Debug|Win32
		{AE1AF195-C823-4BEA-A2F0-5A257FBCA59C}.Release|ARM.ActiveCfg = Release|ARM
		{AE1AF195-C823-4BEA-A2F0-5A257FBCA59C}.Release|ARM.Build.0 = Release|ARM
		{AE1AF195-C823-4BEA-A2F0-5A257FBCA59C}.Release|ARM.Deploy.0 = Release|ARM
		{AE1AF195-C823-4BEA-A2F0-5A257FBCA59C}.Release|ARM64.ActiveCfg = Release|ARM64
		{AE1AF195-C823-4BEA-A2F0-5A257FBCA59C}.Release|ARM64.Build.0 = Release|ARM64
		{AE1AF195-C823-4BEA-A2F0-5A257FBCA59C}.Release|ARM64.Deploy.0 = Release|ARM64
		{AE1AF195-C823-4BEA-A2F0-5A257FBCA59C}.Release|x64.ActiveCfg = Release|x64
		{AE1AF195-C823-4BEA-A2F0-5A257FBCA59C}.Release|x64.Build.0 = Release|x64
		{AE1AF195-C823-4BEA-A2F0-5A257FBCA59C}.Release|x64.Deploy.0 = Release|x64
		{AE1AF195-C823-4BEA-A2F0-5A257FBCA59C}.Release|x86.ActiveCfg = Release|Win32
		{AE1AF195-C823-4BEA-A2F0-5A257FBCA59C}.Release|x86.Build.0 = Release|Win32
		{AE1AF195-C823-4BEA-A2F0-5A257FBCA59C}.Release|x86.Deploy.0 = Release|Win32
	EndGlobalSection
	GlobalSection(SolutionProperties) = preSolution
		HideSolutionNode = FALSE
	EndGlobalSection
	GlobalSection(ExtensibilityGlobals) = postSolution
		SolutionGuid = {BFE13413-D205-4D84-89B2-33B23A4A1DA6}
	EndGlobalSection
EndGlobal
